
Microsoft Visual Studio Solution File, Format Version 12.00
Project("{FAE04EC0-301F-11D3-BF4B-00C04F79EFBC}") = "Frontline", "Frontline\Frontline.csproj", "{9B79773A-18F8-4A68-88D4-5B342D6D8635}"
EndProject
Global
	GlobalSection(SolutionConfigurationPlatforms) = preSolution
		Debug|Any CPU = Debug|Any CPU
		Release|Any CPU = Release|Any CPU
	EndGlobalSection
	GlobalSection(ProjectConfigurationPlatforms) = postSolution
		{9B79773A-18F8-4A68-88D4-5B342D6D8635}.Debug|Any CPU.ActiveCfg = Debug|Any CPU
		{9B79773A-18F8-4A68-88D4-5B342D6D8635}.Debug|Any CPU.Build.0 = Debug|Any CPU
		{9B79773A-18F8-4A68-88D4-5B342D6D8635}.Release|Any CPU.ActiveCfg = Release|Any CPU
		{9B79773A-18F8-4A68-88D4-5B342D6D8635}.Release|Any CPU.Build.0 = Release|Any CPU
	EndGlobalSection
EndGlobal
